
Microsoft Visual Studio Solution File, Format Version 12.00
# Visual Studio 15
VisualStudioVersion = 15.0.28010.2026
MinimumVisualStudioVersion = 10.0.40219.1
Project("{FAE04EC0-301F-11D3-BF4B-00C04F79EFBC}") = "Arduino Monitoring", "Arduino Monitoring\Arduino Monitoring.csproj", "{150C3DFE-BD53-4A39-AD86-6E86F3A415B1}"
EndProject
Global
	GlobalSection(SolutionConfigurationPlatforms) = preSolution
		Debug|Any CPU = Debug|Any CPU
		Release|Any CPU = Release|Any CPU
	EndGlobalSection
	GlobalSection(ProjectConfigurationPlatforms) = postSolution
		{150C3DFE-BD53-4A39-AD86-6E86F3A415B1}.Debug|Any CPU.ActiveCfg = Debug|Any CPU
		{150C3DFE-BD53-4A39-AD86-6E86F3A415B1}.Debug|Any CPU.Build.0 = Debug|Any CPU
		{150C3DFE-BD53-4A39-AD86-6E86F3A415B1}.Release|Any CPU.ActiveCfg = Release|Any CPU
		{150C3DFE-BD53-4A39-AD86-6E86F3A415B1}.Release|Any CPU.Build.0 = Release|Any CPU
	EndGlobalSection
	GlobalSection(SolutionProperties) = preSolution
		HideSolutionNode = FALSE
	EndGlobalSection
	GlobalSection(ExtensibilityGlobals) = postSolution
		SolutionGuid = {E52FAFAB-C88C-4587-A59E-2D39E75B48F7}
	EndGlobalSection
EndGlobal
